{
  "name": "smp",
  "version": "1.0.0",
  "lockfileVersion": 1,
  "requires": true,
  "dependencies": {
    "css-font-parser": {
      "version": "0.3.0",
      "resolved": "https://repo.huaweicloud.com/repository/npm/css-font-parser/-/css-font-parser-0.3.0.tgz",
      "integrity": "sha512-A87umgWt59068CJwWkNtcSnmecYraqv5qOA5Qu3VAhgnSpusYS3LJ5TYW5Ooe9oHAwwWIpMBhN94QL64/Iwhsg=="
    },
    "is-plain-object": {
      "version": "2.0.4",
      "resolved": "https://repo.huaweicloud.com/repository/npm/is-plain-object/-/is-plain-object-2.0.4.tgz",
      "integrity": "sha512-h5PpgXkWitc38BBMYawTYMWJHFZJVnBquFE57xFpjB8pJFiF6gZ+bU+WyI/yqXiFR5mdLsgYNaPe8uao6Uv9Og==",
      "requires": {
        "isobject": "^3.0.1"
      }
    },
    "is-primitive": {
      "version": "3.0.1",
      "resolved": "https://repo.huaweicloud.com/repository/npm/is-primitive/-/is-primitive-3.0.1.tgz",
      "integrity": "sha512-GljRxhWvlCNRfZyORiH77FwdFwGcMO620o37EOYC0ORWdq+WYNVqW0w2Juzew4M+L81l6/QS3t5gkkihyRqv9w=="
    },
    "isobject": {
      "version": "3.0.1",
      "resolved": "https://repo.huaweicloud.com/repository/npm/isobject/-/isobject-3.0.1.tgz",
      "integrity": "sha1-TkMekrEalzFjaqH5yNHMvP2reN8="
    },
    "set-value": {
      "version": "4.1.0",
      "resolved": "https://repo.huaweicloud.com/repository/npm/set-value/-/set-value-4.1.0.tgz",
      "integrity": "sha512-zTEg4HL0RwVrqcWs3ztF+x1vkxfm0lP+MQQFPiMJTKVceBwEV0A569Ou8l9IYQG8jOZdMVI1hGsc0tmeD2o/Lw==",
      "requires": {
        "is-plain-object": "^2.0.4",
        "is-primitive": "^3.0.1"
      }
    }
  }
}
